
Microsoft Visual Studio Solution File, Format Version 12.00
# Visual Studio 15
VisualStudioVersion = 15.0.28307.489
MinimumVisualStudioVersion = 10.0.40219.1
Project("{FAE04EC0-301F-11D3-BF4B-00C04F79EFBC}") = "Loginand SignUp_Application", "Loginand SignUp_Application\Loginand SignUp_Application.csproj", "{0A414B51-A253-459F-AF56-57F15368F414}"
EndProject
Global
	GlobalSection(SolutionConfigurationPlatforms) = preSolution
		Debug|Any CPU = Debug|Any CPU
		Release|Any CPU = Release|Any CPU
	EndGlobalSection
	GlobalSection(ProjectConfigurationPlatforms) = postSolution
		{0A414B51-A253-459F-AF56-57F15368F414}.Debug|Any CPU.ActiveCfg = Debug|Any CPU
		{0A414B51-A253-459F-AF56-57F15368F414}.Debug|Any CPU.Build.0 = Debug|Any CPU
		{0A414B51-A253-459F-AF56-57F15368F414}.Release|Any CPU.ActiveCfg = Release|Any CPU
		{0A414B51-A253-459F-AF56-57F15368F414}.Release|Any CPU.Build.0 = Release|Any CPU
	EndGlobalSection
	GlobalSection(SolutionProperties) = preSolution
		HideSolutionNode = FALSE
	EndGlobalSection
	GlobalSection(ExtensibilityGlobals) = postSolution
		SolutionGuid = {1E26D143-CDD7-4228-BBBD-6DC0DBD48CBE}
	EndGlobalSection
EndGlobal
